// !$*UTF8*$!
{
	archiveVersion = 1;
	classes = {
	};
	objectVersion = 56;
	objects = {

/* Begin PBXBuildFile section */
		6D2F3D2D29D0E73D008FB946 /* RMService.swift in Sources */ = {isa = PBXBuildFile; fileRef = 6D2F3D2C29D0E73D008FB946 /* RMService.swift */; };
		6D2F3D2F29D0E755008FB946 /* RMRequest.swift in Sources */ = {isa = PBXBuildFile; fileRef = 6D2F3D2E29D0E755008FB946 /* RMRequest.swift */; };
		6D2F3D3129D0E811008FB946 /* RMEndpoint.swift in Sources */ = {isa = PBXBuildFile; fileRef = 6D2F3D3029D0E811008FB946 /* RMEndpoint.swift */; };
		6D2F3D3329D0ED84008FB946 /* RMOrigin.swift in Sources */ = {isa = PBXBuildFile; fileRef = 6D2F3D3229D0ED84008FB946 /* RMOrigin.swift */; };
		6D2F3D3529D0EE18008FB946 /* RMSingleLocation.swift in Sources */ = {isa = PBXBuildFile; fileRef = 6D2F3D3429D0EE18008FB946 /* RMSingleLocation.swift */; };
		6D2F3D3729D0EF30008FB946 /* RMCharacterStatus.swift in Sources */ = {isa = PBXBuildFile; fileRef = 6D2F3D3629D0EF30008FB946 /* RMCharacterStatus.swift */; };
		6D2F3D3929D0EF71008FB946 /* RMCharacterGender.swift in Sources */ = {isa = PBXBuildFile; fileRef = 6D2F3D3829D0EF71008FB946 /* RMCharacterGender.swift */; };
		6DE488F729D0D0EB005882A8 /* AppDelegate.swift in Sources */ = {isa = PBXBuildFile; fileRef = 6DE488F629D0D0EB005882A8 /* AppDelegate.swift */; };
		6DE488F929D0D0EB005882A8 /* SceneDelegate.swift in Sources */ = {isa = PBXBuildFile; fileRef = 6DE488F829D0D0EB005882A8 /* SceneDelegate.swift */; };
		6DE488FB29D0D0EB005882A8 /* RMTabViewController.swift in Sources */ = {isa = PBXBuildFile; fileRef = 6DE488FA29D0D0EB005882A8 /* RMTabViewController.swift */; };
		6DE4890029D0D0ED005882A8 /* Assets.xcassets in Resources */ = {isa = PBXBuildFile; fileRef = 6DE488FF29D0D0ED005882A8 /* Assets.xcassets */; };
		6DE4890329D0D0ED005882A8 /* LaunchScreen.storyboard in Resources */ = {isa = PBXBuildFile; fileRef = 6DE4890129D0D0ED005882A8 /* LaunchScreen.storyboard */; };
		6DE4891229D0DA20005882A8 /* RMLocation.swift in Sources */ = {isa = PBXBuildFile; fileRef = 6DE4891129D0DA20005882A8 /* RMLocation.swift */; };
		6DE4891429D0DA33005882A8 /* RMCharacter.swift in Sources */ = {isa = PBXBuildFile; fileRef = 6DE4891329D0DA33005882A8 /* RMCharacter.swift */; };
		6DE4891629D0DA3F005882A8 /* RMEpisode.swift in Sources */ = {isa = PBXBuildFile; fileRef = 6DE4891529D0DA3F005882A8 /* RMEpisode.swift */; };
		6DE4891929D0DB10005882A8 /* RMCharacterViewController.swift in Sources */ = {isa = PBXBuildFile; fileRef = 6DE4891829D0DB10005882A8 /* RMCharacterViewController.swift */; };
		6DE4891B29D0DB2D005882A8 /* RMLocationViewController.swift in Sources */ = {isa = PBXBuildFile; fileRef = 6DE4891A29D0DB2D005882A8 /* RMLocationViewController.swift */; };
		6DE4891D29D0DB46005882A8 /* RMEpisodeViewController.swift in Sources */ = {isa = PBXBuildFile; fileRef = 6DE4891C29D0DB46005882A8 /* RMEpisodeViewController.swift */; };
		6DE4891F29D0DB5C005882A8 /* RMSettingsViewController.swift in Sources */ = {isa = PBXBuildFile; fileRef = 6DE4891E29D0DB5C005882A8 /* RMSettingsViewController.swift */; };
/* End PBXBuildFile section */

/* Begin PBXFileReference section */
		6D2F3D2C29D0E73D008FB946 /* RMService.swift */ = {isa = PBXFileReference; lastKnownFileType = sourcecode.swift; path = RMService.swift; sourceTree = "<group>"; };
		6D2F3D2E29D0E755008FB946 /* RMRequest.swift */ = {isa = PBXFileReference; lastKnownFileType = sourcecode.swift; path = RMRequest.swift; sourceTree = "<group>"; };
		6D2F3D3029D0E811008FB946 /* RMEndpoint.swift */ = {isa = PBXFileReference; lastKnownFileType = sourcecode.swift; path = RMEndpoint.swift; sourceTree = "<group>"; };
		6D2F3D3229D0ED84008FB946 /* RMOrigin.swift */ = {isa = PBXFileReference; lastKnownFileType = sourcecode.swift; path = RMOrigin.swift; sourceTree = "<group>"; };
		6D2F3D3429D0EE18008FB946 /* RMSingleLocation.swift */ = {isa = PBXFileReference; lastKnownFileType = sourcecode.swift; path = RMSingleLocation.swift; sourceTree = "<group>"; };
		6D2F3D3629D0EF30008FB946 /* RMCharacterStatus.swift */ = {isa = PBXFileReference; lastKnownFileType = sourcecode.swift; path = RMCharacterStatus.swift; sourceTree = "<group>"; };
		6D2F3D3829D0EF71008FB946 /* RMCharacterGender.swift */ = {isa = PBXFileReference; lastKnownFileType = sourcecode.swift; path = RMCharacterGender.swift; sourceTree = "<group>"; };
		6DE488F329D0D0EB005882A8 /* RickAndMorty.app */ = {isa = PBXFileReference; explicitFileType = wrapper.application; includeInIndex = 0; path = RickAndMorty.app; sourceTree = BUILT_PRODUCTS_DIR; };
		6DE488F629D0D0EB005882A8 /* AppDelegate.swift */ = {isa = PBXFileReference; lastKnownFileType = sourcecode.swift; path = AppDelegate.swift; sourceTree = "<group>"; };
		6DE488F829D0D0EB005882A8 /* SceneDelegate.swift */ = {isa = PBXFileReference; lastKnownFileType = sourcecode.swift; path = SceneDelegate.swift; sourceTree = "<group>"; };
		6DE488FA29D0D0EB005882A8 /* RMTabViewController.swift */ = {isa = PBXFileReference; lastKnownFileType = sourcecode.swift; path = RMTabViewController.swift; sourceTree = "<group>"; };
		6DE488FF29D0D0ED005882A8 /* Assets.xcassets */ = {isa = PBXFileReference; lastKnownFileType = folder.assetcatalog; path = Assets.xcassets; sourceTree = "<group>"; };
		6DE4890229D0D0ED005882A8 /* Base */ = {isa = PBXFileReference; lastKnownFileType = file.storyboard; name = Base; path = Base.lproj/LaunchScreen.storyboard; sourceTree = "<group>"; };
		6DE4890429D0D0ED005882A8 /* Info.plist */ = {isa = PBXFileReference; lastKnownFileType = text.plist.xml; path = Info.plist; sourceTree = "<group>"; };
		6DE4891129D0DA20005882A8 /* RMLocation.swift */ = {isa = PBXFileReference; lastKnownFileType = sourcecode.swift; path = RMLocation.swift; sourceTree = "<group>"; };
		6DE4891329D0DA33005882A8 /* RMCharacter.swift */ = {isa = PBXFileReference; lastKnownFileType = sourcecode.swift; path = RMCharacter.swift; sourceTree = "<group>"; };
		6DE4891529D0DA3F005882A8 /* RMEpisode.swift */ = {isa = PBXFileReference; lastKnownFileType = sourcecode.swift; path = RMEpisode.swift; sourceTree = "<group>"; };
		6DE4891829D0DB10005882A8 /* RMCharacterViewController.swift */ = {isa = PBXFileReference; lastKnownFileType = sourcecode.swift; path = RMCharacterViewController.swift; sourceTree = "<group>"; };
		6DE4891A29D0DB2D005882A8 /* RMLocationViewController.swift */ = {isa = PBXFileReference; lastKnownFileType = sourcecode.swift; path = RMLocationViewController.swift; sourceTree = "<group>"; };
		6DE4891C29D0DB46005882A8 /* RMEpisodeViewController.swift */ = {isa = PBXFileReference; lastKnownFileType = sourcecode.swift; path = RMEpisodeViewController.swift; sourceTree = "<group>"; };
		6DE4891E29D0DB5C005882A8 /* RMSettingsViewController.swift */ = {isa = PBXFileReference; lastKnownFileType = sourcecode.swift; path = RMSettingsViewController.swift; sourceTree = "<group>"; };
/* End PBXFileReference section */

/* Begin PBXFrameworksBuildPhase section */
		6DE488F029D0D0EB005882A8 /* Frameworks */ = {
			isa = PBXFrameworksBuildPhase;
			buildActionMask = 2147483647;
			files = (
			);
			runOnlyForDeploymentPostprocessing = 0;
		};
/* End PBXFrameworksBuildPhase section */

/* Begin PBXGroup section */
		6DE488EA29D0D0EA005882A8 = {
			isa = PBXGroup;
			children = (
				6DE488F529D0D0EB005882A8 /* RickAndMorty */,
				6DE488F429D0D0EB005882A8 /* Products */,
			);
			sourceTree = "<group>";
		};
		6DE488F429D0D0EB005882A8 /* Products */ = {
			isa = PBXGroup;
			children = (
				6DE488F329D0D0EB005882A8 /* RickAndMorty.app */,
			);
			name = Products;
			sourceTree = "<group>";
		};
		6DE488F529D0D0EB005882A8 /* RickAndMorty */ = {
			isa = PBXGroup;
			children = (
				6DE4890D29D0D933005882A8 /* Resources */,
				6DE4890E29D0D93A005882A8 /* Managers */,
				6DE4891029D0D976005882A8 /* APIClient */,
				6DE4890F29D0D948005882A8 /* ViewModels */,
				6DE4890C29D0D8F3005882A8 /* Views */,
				6DE4890B29D0D8E3005882A8 /* Models */,
				6DE4890A29D0D8CE005882A8 /* Controllers */,
				6DE4890429D0D0ED005882A8 /* Info.plist */,
			);
			path = RickAndMorty;
			sourceTree = "<group>";
		};
		6DE4890A29D0D8CE005882A8 /* Controllers */ = {
			isa = PBXGroup;
			children = (
				6DE4891729D0DAB4005882A8 /* Core */,
			);
			path = Controllers;
			sourceTree = "<group>";
		};
		6DE4890B29D0D8E3005882A8 /* Models */ = {
			isa = PBXGroup;
			children = (
				6DE4891129D0DA20005882A8 /* RMLocation.swift */,
				6DE4891329D0DA33005882A8 /* RMCharacter.swift */,
				6DE4891529D0DA3F005882A8 /* RMEpisode.swift */,
				6D2F3D3229D0ED84008FB946 /* RMOrigin.swift */,
				6D2F3D3429D0EE18008FB946 /* RMSingleLocation.swift */,
				6D2F3D3629D0EF30008FB946 /* RMCharacterStatus.swift */,
				6D2F3D3829D0EF71008FB946 /* RMCharacterGender.swift */,
			);
			path = Models;
			sourceTree = "<group>";
		};
		6DE4890C29D0D8F3005882A8 /* Views */ = {
			isa = PBXGroup;
			children = (
			);
			path = Views;
			sourceTree = "<group>";
		};
		6DE4890D29D0D933005882A8 /* Resources */ = {
			isa = PBXGroup;
			children = (
				6DE488FF29D0D0ED005882A8 /* Assets.xcassets */,
				6DE4890129D0D0ED005882A8 /* LaunchScreen.storyboard */,
				6DE488F629D0D0EB005882A8 /* AppDelegate.swift */,
				6DE488F829D0D0EB005882A8 /* SceneDelegate.swift */,
			);
			path = Resources;
			sourceTree = "<group>";
		};
		6DE4890E29D0D93A005882A8 /* Managers */ = {
			isa = PBXGroup;
			children = (
			);
			path = Managers;
			sourceTree = "<group>";
		};
		6DE4890F29D0D948005882A8 /* ViewModels */ = {
			isa = PBXGroup;
			children = (
			);
			path = ViewModels;
			sourceTree = "<group>";
		};
		6DE4891029D0D976005882A8 /* APIClient */ = {
			isa = PBXGroup;
			children = (
				6D2F3D2C29D0E73D008FB946 /* RMService.swift */,
				6D2F3D2E29D0E755008FB946 /* RMRequest.swift */,
				6D2F3D3029D0E811008FB946 /* RMEndpoint.swift */,
			);
			path = APIClient;
			sourceTree = "<group>";
		};
		6DE4891729D0DAB4005882A8 /* Core */ = {
			isa = PBXGroup;
			children = (
				6DE488FA29D0D0EB005882A8 /* RMTabViewController.swift */,
				6DE4891829D0DB10005882A8 /* RMCharacterViewController.swift */,
				6DE4891A29D0DB2D005882A8 /* RMLocationViewController.swift */,
				6DE4891C29D0DB46005882A8 /* RMEpisodeViewController.swift */,
				6DE4891E29D0DB5C005882A8 /* RMSettingsViewController.swift */,
			);
			path = Core;
			sourceTree = "<group>";
		};
/* End PBXGroup section */

/* Begin PBXNativeTarget section */
		6DE488F229D0D0EB005882A8 /* RickAndMorty */ = {
			isa = PBXNativeTarget;
			buildConfigurationList = 6DE4890729D0D0ED005882A8 /* Build configuration list for PBXNativeTarget "RickAndMorty" */;
			buildPhases = (
				6DE488EF29D0D0EB005882A8 /* Sources */,
				6DE488F029D0D0EB005882A8 /* Frameworks */,
				6DE488F129D0D0EB005882A8 /* Resources */,
			);
			buildRules = (
			);
			dependencies = (
			);
			name = RickAndMorty;
			productName = RicAndMorty;
			productReference = 6DE488F329D0D0EB005882A8 /* RickAndMorty.app */;
			productType = "com.apple.product-type.application";
		};
/* End PBXNativeTarget section */

/* Begin PBXProject section */
		6DE488EB29D0D0EB005882A8 /* Project object */ = {
			isa = PBXProject;
			attributes = {
				BuildIndependentTargetsInParallel = 1;
				LastSwiftUpdateCheck = 1420;
				LastUpgradeCheck = 1420;
				TargetAttributes = {
					6DE488F229D0D0EB005882A8 = {
						CreatedOnToolsVersion = 14.2;
					};
				};
			};
			buildConfigurationList = 6DE488EE29D0D0EB005882A8 /* Build configuration list for PBXProject "RickAndMorty" */;
			compatibilityVersion = "Xcode 14.0";
			developmentRegion = en;
			hasScannedForEncodings = 0;
			knownRegions = (
				en,
				Base,
			);
			mainGroup = 6DE488EA29D0D0EA005882A8;
			productRefGroup = 6DE488F429D0D0EB005882A8 /* Products */;
			projectDirPath = "";
			projectRoot = "";
			targets = (
				6DE488F229D0D0EB005882A8 /* RickAndMorty */,
			);
		};
/* End PBXProject section */

/* Begin PBXResourcesBuildPhase section */
		6DE488F129D0D0EB005882A8 /* Resources */ = {
			isa = PBXResourcesBuildPhase;
			buildActionMask = 2147483647;
			files = (
				6DE4890329D0D0ED005882A8 /* LaunchScreen.storyboard in Resources */,
				6DE4890029D0D0ED005882A8 /* Assets.xcassets in Resources */,
			);
			runOnlyForDeploymentPostprocessing = 0;
		};
/* End PBXResourcesBuildPhase section */

/* Begin PBXSourcesBuildPhase section */
		6DE488EF29D0D0EB005882A8 /* Sources */ = {
			isa = PBXSourcesBuildPhase;
			buildActionMask = 2147483647;
			files = (
				6D2F3D3329D0ED84008FB946 /* RMOrigin.swift in Sources */,
				6D2F3D3529D0EE18008FB946 /* RMSingleLocation.swift in Sources */,
				6D2F3D3729D0EF30008FB946 /* RMCharacterStatus.swift in Sources */,
				6D2F3D3929D0EF71008FB946 /* RMCharacterGender.swift in Sources */,
				6DE4891B29D0DB2D005882A8 /* RMLocationViewController.swift in Sources */,
				6DE4891629D0DA3F005882A8 /* RMEpisode.swift in Sources */,
				6DE488FB29D0D0EB005882A8 /* RMTabViewController.swift in Sources */,
				6DE4891D29D0DB46005882A8 /* RMEpisodeViewController.swift in Sources */,
				6DE488F729D0D0EB005882A8 /* AppDelegate.swift in Sources */,
				6DE488F929D0D0EB005882A8 /* SceneDelegate.swift in Sources */,
				6DE4891F29D0DB5C005882A8 /* RMSettingsViewController.swift in Sources */,
				6D2F3D2D29D0E73D008FB946 /* RMService.swift in Sources */,
				6DE4891229D0DA20005882A8 /* RMLocation.swift in Sources */,
				6D2F3D3129D0E811008FB946 /* RMEndpoint.swift in Sources */,
				6DE4891429D0DA33005882A8 /* RMCharacter.swift in Sources */,
				6D2F3D2F29D0E755008FB946 /* RMRequest.swift in Sources */,
				6DE4891929D0DB10005882A8 /* RMCharacterViewController.swift in Sources */,
			);
			runOnlyForDeploymentPostprocessing = 0;
		};
/* End PBXSourcesBuildPhase section */

/* Begin PBXVariantGroup section */
		6DE4890129D0D0ED005882A8 /* LaunchScreen.storyboard */ = {
			isa = PBXVariantGroup;
			children = (
				6DE4890229D0D0ED005882A8 /* Base */,
			);
			name = LaunchScreen.storyboard;
			sourceTree = "<group>";
		};
/* End PBXVariantGroup section */

/* Begin XCBuildConfiguration section */
		6DE4890529D0D0ED005882A8 /* Debug */ = {
			isa = XCBuildConfiguration;
			buildSettings = {
				ALWAYS_SEARCH_USER_PATHS = NO;
				CLANG_ANALYZER_NONNULL = YES;
				CLANG_ANALYZER_NUMBER_OBJECT_CONVERSION = YES_AGGRESSIVE;
				CLANG_CXX_LANGUAGE_STANDARD = "gnu++20";
				CLANG_ENABLE_MODULES = YES;
				CLANG_ENABLE_OBJC_ARC = YES;
				CLANG_ENABLE_OBJC_WEAK = YES;
				CLANG_WARN_BLOCK_CAPTURE_AUTORELEASING = YES;
				CLANG_WARN_BOOL_CONVERSION = YES;
				CLANG_WARN_COMMA = YES;
				CLANG_WARN_CONSTANT_CONVERSION = YES;
				CLANG_WARN_DEPRECATED_OBJC_IMPLEMENTATIONS = YES;
				CLANG_WARN_DIRECT_OBJC_ISA_USAGE = YES_ERROR;
				CLANG_WARN_DOCUMENTATION_COMMENTS = YES;
				CLANG_WARN_EMPTY_BODY = YES;
				CLANG_WARN_ENUM_CONVERSION = YES;
				CLANG_WARN_INFINITE_RECURSION = YES;
				CLANG_WARN_INT_CONVERSION = YES;
				CLANG_WARN_NON_LITERAL_NULL_CONVERSION = YES;
				CLANG_WARN_OBJC_IMPLICIT_RETAIN_SELF = YES;
				CLANG_WARN_OBJC_LITERAL_CONVERSION = YES;
				CLANG_WARN_OBJC_ROOT_CLASS = YES_ERROR;
				CLANG_WARN_QUOTED_INCLUDE_IN_FRAMEWORK_HEADER = YES;
				CLANG_WARN_RANGE_LOOP_ANALYSIS = YES;
				CLANG_WARN_STRICT_PROTOTYPES = YES;
				CLANG_WARN_SUSPICIOUS_MOVE = YES;
				CLANG_WARN_UNGUARDED_AVAILABILITY = YES_AGGRESSIVE;
				CLANG_WARN_UNREACHABLE_CODE = YES;
				CLANG_WARN__DUPLICATE_METHOD_MATCH = YES;
				COPY_PHASE_STRIP = NO;
				DEBUG_INFORMATION_FORMAT = dwarf;
				ENABLE_STRICT_OBJC_MSGSEND = YES;
				ENABLE_TESTABILITY = YES;
				GCC_C_LANGUAGE_STANDARD = gnu11;
				GCC_DYNAMIC_NO_PIC = NO;
				GCC_NO_COMMON_BLOCKS = YES;
				GCC_OPTIMIZATION_LEVEL = 0;
				GCC_PREPROCESSOR_DEFINITIONS = (
					"DEBUG=1",
					"$(inherited)",
				);
				GCC_WARN_64_TO_32_BIT_CONVERSION = YES;
				GCC_WARN_ABOUT_RETURN_TYPE = YES_ERROR;
				GCC_WARN_UNDECLARED_SELECTOR = YES;
				GCC_WARN_UNINITIALIZED_AUTOS = YES_AGGRESSIVE;
				GCC_WARN_UNUSED_FUNCTION = YES;
				GCC_WARN_UNUSED_VARIABLE = YES;
				IPHONEOS_DEPLOYMENT_TARGET = 16.2;
				MTL_ENABLE_DEBUG_INFO = INCLUDE_SOURCE;
				MTL_FAST_MATH = YES;
				ONLY_ACTIVE_ARCH = YES;
				SDKROOT = iphoneos;
				SWIFT_ACTIVE_COMPILATION_CONDITIONS = DEBUG;
				SWIFT_OPTIMIZATION_LEVEL = "-Onone";
			};
			name = Debug;
		};
		6DE4890629D0D0ED005882A8 /* Release */ = {
			isa = XCBuildConfiguration;
			buildSettings = {
				ALWAYS_SEARCH_USER_PATHS = NO;
				CLANG_ANALYZER_NONNULL = YES;
				CLANG_ANALYZER_NUMBER_OBJECT_CONVERSION = YES_AGGRESSIVE;
				CLANG_CXX_LANGUAGE_STANDARD = "gnu++20";
				CLANG_ENABLE_MODULES = YES;
				CLANG_ENABLE_OBJC_ARC = YES;
				CLANG_ENABLE_OBJC_WEAK = YES;
				CLANG_WARN_BLOCK_CAPTURE_AUTORELEASING = YES;
				CLANG_WARN_BOOL_CONVERSION = YES;
				CLANG_WARN_COMMA = YES;
				CLANG_WARN_CONSTANT_CONVERSION = YES;
				CLANG_WARN_DEPRECATED_OBJC_IMPLEMENTATIONS = YES;
				CLANG_WARN_DIRECT_OBJC_ISA_USAGE = YES_ERROR;
				CLANG_WARN_DOCUMENTATION_COMMENTS = YES;
				CLANG_WARN_EMPTY_BODY = YES;
				CLANG_WARN_ENUM_CONVERSION = YES;
				CLANG_WARN_INFINITE_RECURSION = YES;
				CLANG_WARN_INT_CONVERSION = YES;
				CLANG_WARN_NON_LITERAL_NULL_CONVERSION = YES;
				CLANG_WARN_OBJC_IMPLICIT_RETAIN_SELF = YES;
				CLANG_WARN_OBJC_LITERAL_CONVERSION = YES;
				CLANG_WARN_OBJC_ROOT_CLASS = YES_ERROR;
				CLANG_WARN_QUOTED_INCLUDE_IN_FRAMEWORK_HEADER = YES;
				CLANG_WARN_RANGE_LOOP_ANALYSIS = YES;
				CLANG_WARN_STRICT_PROTOTYPES = YES;
				CLANG_WARN_SUSPICIOUS_MOVE = YES;
				CLANG_WARN_UNGUARDED_AVAILABILITY = YES_AGGRESSIVE;
				CLANG_WARN_UNREACHABLE_CODE = YES;
				CLANG_WARN__DUPLICATE_METHOD_MATCH = YES;
				COPY_PHASE_STRIP = NO;
				DEBUG_INFORMATION_FORMAT = "dwarf-with-dsym";
				ENABLE_NS_ASSERTIONS = NO;
				ENABLE_STRICT_OBJC_MSGSEND = YES;
				GCC_C_LANGUAGE_STANDARD = gnu11;
				GCC_NO_COMMON_BLOCKS = YES;
				GCC_WARN_64_TO_32_BIT_CONVERSION = YES;
				GCC_WARN_ABOUT_RETURN_TYPE = YES_ERROR;
				GCC_WARN_UNDECLARED_SELECTOR = YES;
				GCC_WARN_UNINITIALIZED_AUTOS = YES_AGGRESSIVE;
				GCC_WARN_UNUSED_FUNCTION = YES;
				GCC_WARN_UNUSED_VARIABLE = YES;
				IPHONEOS_DEPLOYMENT_TARGET = 16.2;
				MTL_ENABLE_DEBUG_INFO = NO;
				MTL_FAST_MATH = YES;
				SDKROOT = iphoneos;
				SWIFT_COMPILATION_MODE = wholemodule;
				SWIFT_OPTIMIZATION_LEVEL = "-O";
				VALIDATE_PRODUCT = YES;
			};
			name = Release;
		};
		6DE4890829D0D0ED005882A8 /* Debug */ = {
			isa = XCBuildConfiguration;
			buildSettings = {
				ASSETCATALOG_COMPILER_APPICON_NAME = AppIcon;
				ASSETCATALOG_COMPILER_GLOBAL_ACCENT_COLOR_NAME = AccentColor;
				CODE_SIGN_STYLE = Automatic;
				CURRENT_PROJECT_VERSION = 1;
				DEVELOPMENT_TEAM = T768SH8KMV;
				GENERATE_INFOPLIST_FILE = YES;
				INFOPLIST_FILE = RickAndMorty/Info.plist;
				INFOPLIST_KEY_CFBundleDisplayName = "Rick and Morty";
				INFOPLIST_KEY_LSApplicationCategoryType = "public.app-category.entertainment";
				INFOPLIST_KEY_UIApplicationSupportsIndirectInputEvents = YES;
				INFOPLIST_KEY_UILaunchStoryboardName = LaunchScreen;
				INFOPLIST_KEY_UISupportedInterfaceOrientations_iPad = "UIInterfaceOrientationPortrait UIInterfaceOrientationPortraitUpsideDown UIInterfaceOrientationLandscapeLeft UIInterfaceOrientationLandscapeRight";
				INFOPLIST_KEY_UISupportedInterfaceOrientations_iPhone = "UIInterfaceOrientationPortrait UIInterfaceOrientationLandscapeLeft UIInterfaceOrientationLandscapeRight";
				LD_RUNPATH_SEARCH_PATHS = (
					"$(inherited)",
					"@executable_path/Frameworks",
				);
				MARKETING_VERSION = 1.0;
				PRODUCT_BUNDLE_IDENTIFIER = com.edgarbenavides.RickAndMorty;
				PRODUCT_NAME = "$(TARGET_NAME)";
				SWIFT_EMIT_LOC_STRINGS = YES;
				SWIFT_VERSION = 5.0;
				TARGETED_DEVICE_FAMILY = "1,2";
			};
			name = Debug;
		};
		6DE4890929D0D0ED005882A8 /* Release */ = {
			isa = XCBuildConfiguration;
			buildSettings = {
				ASSETCATALOG_COMPILER_APPICON_NAME = AppIcon;
				ASSETCATALOG_COMPILER_GLOBAL_ACCENT_COLOR_NAME = AccentColor;
				CODE_SIGN_STYLE = Automatic;
				CURRENT_PROJECT_VERSION = 1;
				DEVELOPMENT_TEAM = T768SH8KMV;
				GENERATE_INFOPLIST_FILE = YES;
				INFOPLIST_FILE = RickAndMorty/Info.plist;
				INFOPLIST_KEY_CFBundleDisplayName = "Rick and Morty";
				INFOPLIST_KEY_LSApplicationCategoryType = "public.app-category.entertainment";
				INFOPLIST_KEY_UIApplicationSupportsIndirectInputEvents = YES;
				INFOPLIST_KEY_UILaunchStoryboardName = LaunchScreen;
				INFOPLIST_KEY_UISupportedInterfaceOrientations_iPad = "UIInterfaceOrientationPortrait UIInterfaceOrientationPortraitUpsideDown UIInterfaceOrientationLandscapeLeft UIInterfaceOrientationLandscapeRight";
				INFOPLIST_KEY_UISupportedInterfaceOrientations_iPhone = "UIInterfaceOrientationPortrait UIInterfaceOrientationLandscapeLeft UIInterfaceOrientationLandscapeRight";
				LD_RUNPATH_SEARCH_PATHS = (
					"$(inherited)",
					"@executable_path/Frameworks",
				);
				MARKETING_VERSION = 1.0;
				PRODUCT_BUNDLE_IDENTIFIER = com.edgarbenavides.RickAndMorty;
				PRODUCT_NAME = "$(TARGET_NAME)";
				SWIFT_EMIT_LOC_STRINGS = YES;
				SWIFT_VERSION = 5.0;
				TARGETED_DEVICE_FAMILY = "1,2";
			};
			name = Release;
		};
/* End XCBuildConfiguration section */

/* Begin XCConfigurationList section */
		6DE488EE29D0D0EB005882A8 /* Build configuration list for PBXProject "RickAndMorty" */ = {
			isa = XCConfigurationList;
			buildConfigurations = (
				6DE4890529D0D0ED005882A8 /* Debug */,
				6DE4890629D0D0ED005882A8 /* Release */,
			);
			defaultConfigurationIsVisible = 0;
			defaultConfigurationName = Release;
		};
		6DE4890729D0D0ED005882A8 /* Build configuration list for PBXNativeTarget "RickAndMorty" */ = {
			isa = XCConfigurationList;
			buildConfigurations = (
				6DE4890829D0D0ED005882A8 /* Debug */,
				6DE4890929D0D0ED005882A8 /* Release */,
			);
			defaultConfigurationIsVisible = 0;
			defaultConfigurationName = Release;
		};
/* End XCConfigurationList section */
	};
	rootObject = 6DE488EB29D0D0EB005882A8 /* Project object */;
}
